// !$*UTF8*$!
{
	archiveVersion = 1;
	classes = {
	};
	objectVersion = 46;
	objects = {

/* Begin PBXBuildFile section */
		9CD120541E5F2B2E0042096B /* AppDelegate.swift in Sources */ = {isa = PBXBuildFile; fileRef = 9CD120531E5F2B2E0042096B /* AppDelegate.swift */; };
		9CD120591E5F2B2E0042096B /* Main.storyboard in Resources */ = {isa = PBXBuildFile; fileRef = 9CD120571E5F2B2E0042096B /* Main.storyboard */; };
		9CD1205B1E5F2B2E0042096B /* Assets.xcassets in Resources */ = {isa = PBXBuildFile; fileRef = 9CD1205A1E5F2B2E0042096B /* Assets.xcassets */; };
		9CD1205E1E5F2B2E0042096B /* LaunchScreen.storyboard in Resources */ = {isa = PBXBuildFile; fileRef = 9CD1205C1E5F2B2E0042096B /* LaunchScreen.storyboard */; };
		9CD120661E5F34710042096B /* PageViewController.swift in Sources */ = {isa = PBXBuildFile; fileRef = 9CD120651E5F34710042096B /* PageViewController.swift */; };
/* End PBXBuildFile section */

/* Begin PBXFileReference section */
		9CD120501E5F2B2E0042096B /* SwiftUIPageViewController.app */ = {isa = PBXFileReference; explicitFileType = wrapper.application; includeInIndex = 0; path = SwiftUIPageViewController.app; sourceTree = BUILT_PRODUCTS_DIR; };
		9CD120531E5F2B2E0042096B /* AppDelegate.swift */ = {isa = PBXFileReference; lastKnownFileType = sourcecode.swift; path = AppDelegate.swift; sourceTree = "<group>"; };
		9CD120581E5F2B2E0042096B /* Base */ = {isa = PBXFileReference; lastKnownFileType = file.storyboard; name = Base; path = Base.lproj/Main.storyboard; sourceTree = "<group>"; };
		9CD1205A1E5F2B2E0042096B /* Assets.xcassets */ = {isa = PBXFileReference; lastKnownFileType = folder.assetcatalog; path = Assets.xcassets; sourceTree = "<group>"; };
		9CD1205D1E5F2B2E0042096B /* Base */ = {isa = PBXFileReference; lastKnownFileType = file.storyboard; name = Base; path = Base.lproj/LaunchScreen.storyboard; sourceTree = "<group>"; };
		9CD1205F1E5F2B2E0042096B /* Info.plist */ = {isa = PBXFileReference; lastKnownFileType = text.plist.xml; path = Info.plist; sourceTree = "<group>"; };
		9CD120651E5F34710042096B /* PageViewController.swift */ = {isa = PBXFileReference; fileEncoding = 4; lastKnownFileType = sourcecode.swift; path = PageViewController.swift; sourceTree = "<group>"; };
/* End PBXFileReference section */

/* Begin PBXFrameworksBuildPhase section */
		9CD1204D1E5F2B2E0042096B /* Frameworks */ = {
			isa = PBXFrameworksBuildPhase;
			buildActionMask = 2147483647;
			files = (
			);
			runOnlyForDeploymentPostprocessing = 0;
		};
/* End PBXFrameworksBuildPhase section */

/* Begin PBXGroup section */
		9CD120471E5F2B2E0042096B = {
			isa = PBXGroup;
			children = (
				9CD120521E5F2B2E0042096B /* SwiftUIPageViewController */,
				9CD120511E5F2B2E0042096B /* Products */,
			);
			sourceTree = "<group>";
		};
		9CD120511E5F2B2E0042096B /* Products */ = {
			isa = PBXGroup;
			children = (
				9CD120501E5F2B2E0042096B /* SwiftUIPageViewController.app */,
			);
			name = Products;
			sourceTree = "<group>";
		};
		9CD120521E5F2B2E0042096B /* SwiftUIPageViewController */ = {
			isa = PBXGroup;
			children = (
				9CD120531E5F2B2E0042096B /* AppDelegate.swift */,
				9CD120651E5F34710042096B /* PageViewController.swift */,
				9CD120571E5F2B2E0042096B /* Main.storyboard */,
				9CD1205A1E5F2B2E0042096B /* Assets.xcassets */,
				9CD1205C1E5F2B2E0042096B /* LaunchScreen.storyboard */,
				9CD1205F1E5F2B2E0042096B /* Info.plist */,
			);
			path = SwiftUIPageViewController;
			sourceTree = "<group>";
		};
/* End PBXGroup section */

/* Begin PBXNativeTarget section */
		9CD1204F1E5F2B2E0042096B /* SwiftUIPageViewController */ = {
			isa = PBXNativeTarget;
			buildConfigurationList = 9CD120621E5F2B2E0042096B /* Build configuration list for PBXNativeTarget "SwiftUIPageViewController" */;
			buildPhases = (
				9CD1204C1E5F2B2E0042096B /* Sources */,
				9CD1204D1E5F2B2E0042096B /* Frameworks */,
				9CD1204E1E5F2B2E0042096B /* Resources */,
			);
			buildRules = (
			);
			dependencies = (
			);
			name = SwiftUIPageViewController;
			productName = SwiftUIPageViewController;
			productReference = 9CD120501E5F2B2E0042096B /* SwiftUIPageViewController.app */;
			productType = "com.apple.product-type.application";
		};
/* End PBXNativeTarget section */

/* Begin PBXProject section */
		9CD120481E5F2B2E0042096B /* Project object */ = {
			isa = PBXProject;
			attributes = {
				LastSwiftUpdateCheck = 0820;
				LastUpgradeCheck = 0820;
				ORGANIZATIONNAME = "Marcelo Sampaio";
				TargetAttributes = {
					9CD1204F1E5F2B2E0042096B = {
						CreatedOnToolsVersion = 8.2.1;
						DevelopmentTeam = 5U294U2N56;
						ProvisioningStyle = Automatic;
					};
				};
			};
			buildConfigurationList = 9CD1204B1E5F2B2E0042096B /* Build configuration list for PBXProject "SwiftUIPageViewController" */;
			compatibilityVersion = "Xcode 3.2";
			developmentRegion = English;
			hasScannedForEncodings = 0;
			knownRegions = (
				en,
				Base,
			);
			mainGroup = 9CD120471E5F2B2E0042096B;
			productRefGroup = 9CD120511E5F2B2E0042096B /* Products */;
			projectDirPath = "";
			projectRoot = "";
			targets = (
				9CD1204F1E5F2B2E0042096B /* SwiftUIPageViewController */,
			);
		};
/* End PBXProject section */

/* Begin PBXResourcesBuildPhase section */
		9CD1204E1E5F2B2E0042096B /* Resources */ = {
			isa = PBXResourcesBuildPhase;
			buildActionMask = 2147483647;
			files = (
				9CD1205E1E5F2B2E0042096B /* LaunchScreen.storyboard in Resources */,
				9CD1205B1E5F2B2E0042096B /* Assets.xcassets in Resources */,
				9CD120591E5F2B2E0042096B /* Main.storyboard in Resources */,
			);
			runOnlyForDeploymentPostprocessing = 0;
		};
/* End PBXResourcesBuildPhase section */

/* Begin PBXSourcesBuildPhase section */
		9CD1204C1E5F2B2E0042096B /* Sources */ = {
			isa = PBXSourcesBuildPhase;
			buildActionMask = 2147483647;
			files = (
				9CD120541E5F2B2E0042096B /* AppDelegate.swift in Sources */,
				9CD120661E5F34710042096B /* PageViewController.swift in Sources */,
			);
			runOnlyForDeploymentPostprocessing = 0;
		};
/* End PBXSourcesBuildPhase section */

/* Begin PBXVariantGroup section */
		9CD120571E5F2B2E0042096B /* Main.storyboard */ = {
			isa = PBXVariantGroup;
			children = (
				9CD120581E5F2B2E0042096B /* Base */,
			);
			name = Main.storyboard;
			sourceTree = "<group>";
		};
		9CD1205C1E5F2B2E0042096B /* LaunchScreen.storyboard */ = {
			isa = PBXVariantGroup;
			children = (
				9CD1205D1E5F2B2E0042096B /* Base */,
			);
			name = LaunchScreen.storyboard;
			sourceTree = "<group>";
		};
/* End PBXVariantGroup section */

/* Begin XCBuildConfiguration section */
		9CD120601E5F2B2E0042096B /* Debug */ = {
			isa = XCBuildConfiguration;
			buildSettings = {
				ALWAYS_SEARCH_USER_PATHS = NO;
				CLANG_ANALYZER_NONNULL = YES;
				CLANG_CXX_LANGUAGE_STANDARD = "gnu++0x";
				CLANG_CXX_LIBRARY = "libc++";
				CLANG_ENABLE_MODULES = YES;
				CLANG_ENABLE_OBJC_ARC = YES;
				CLANG_WARN_BOOL_CONVERSION = YES;
				CLANG_WARN_CONSTANT_CONVERSION = YES;
				CLANG_WARN_DIRECT_OBJC_ISA_USAGE = YES_ERROR;
				CLANG_WARN_DOCUMENTATION_COMMENTS = YES;
				CLANG_WARN_EMPTY_BODY = YES;
				CLANG_WARN_ENUM_CONVERSION = YES;
				CLANG_WARN_INFINITE_RECURSION = YES;
				CLANG_WARN_INT_CONVERSION = YES;
				CLANG_WARN_OBJC_ROOT_CLASS = YES_ERROR;
				CLANG_WARN_SUSPICIOUS_MOVE = YES;
				CLANG_WARN_UNREACHABLE_CODE = YES;
				CLANG_WARN__DUPLICATE_METHOD_MATCH = YES;
				"CODE_SIGN_IDENTITY[sdk=iphoneos*]" = "iPhone Developer";
				COPY_PHASE_STRIP = NO;
				DEBUG_INFORMATION_FORMAT = dwarf;
				ENABLE_STRICT_OBJC_MSGSEND = YES;
				ENABLE_TESTABILITY = YES;
				GCC_C_LANGUAGE_STANDARD = gnu99;
				GCC_DYNAMIC_NO_PIC = NO;
				GCC_NO_COMMON_BLOCKS = YES;
				GCC_OPTIMIZATION_LEVEL = 0;
				GCC_PREPROCESSOR_DEFINITIONS = (
					"DEBUG=1",
					"$(inherited)",
				);
				GCC_WARN_64_TO_32_BIT_CONVERSION = YES;
				GCC_WARN_ABOUT_RETURN_TYPE = YES_ERROR;
				GCC_WARN_UNDECLARED_SELECTOR = YES;
				GCC_WARN_UNINITIALIZED_AUTOS = YES_AGGRESSIVE;
				GCC_WARN_UNUSED_FUNCTION = YES;
				GCC_WARN_UNUSED_VARIABLE = YES;
				IPHONEOS_DEPLOYMENT_TARGET = 10.2;
				MTL_ENABLE_DEBUG_INFO = YES;
				ONLY_ACTIVE_ARCH = YES;
				SDKROOT = iphoneos;
				SWIFT_ACTIVE_COMPILATION_CONDITIONS = DEBUG;
				SWIFT_OPTIMIZATION_LEVEL = "-Onone";
				TARGETED_DEVICE_FAMILY = "1,2";
			};
			name = Debug;
		};
		9CD120611E5F2B2E0042096B /* Release */ = {
			isa = XCBuildConfiguration;
			buildSettings = {
				ALWAYS_SEARCH_USER_PATHS = NO;
				CLANG_ANALYZER_NONNULL = YES;
				CLANG_CXX_LANGUAGE_STANDARD = "gnu++0x";
				CLANG_CXX_LIBRARY = "libc++";
				CLANG_ENABLE_MODULES = YES;
				CLANG_ENABLE_OBJC_ARC = YES;
				CLANG_WARN_BOOL_CONVERSION = YES;
				CLANG_WARN_CONSTANT_CONVERSION = YES;
				CLANG_WARN_DIRECT_OBJC_ISA_USAGE = YES_ERROR;
				CLANG_WARN_DOCUMENTATION_COMMENTS = YES;
				CLANG_WARN_EMPTY_BODY = YES;
				CLANG_WARN_ENUM_CONVERSION = YES;
				CLANG_WARN_INFINITE_RECURSION = YES;
				CLANG_WARN_INT_CONVERSION = YES;
				CLANG_WARN_OBJC_ROOT_CLASS = YES_ERROR;
				CLANG_WARN_SUSPICIOUS_MOVE = YES;
				CLANG_WARN_UNREACHABLE_CODE = YES;
				CLANG_WARN__DUPLICATE_METHOD_MATCH = YES;
				"CODE_SIGN_IDENTITY[sdk=iphoneos*]" = "iPhone Developer";
				COPY_PHASE_STRIP = NO;
				DEBUG_INFORMATION_FORMAT = "dwarf-with-dsym";
				ENABLE_NS_ASSERTIONS = NO;
				ENABLE_STRICT_OBJC_MSGSEND = YES;
				GCC_C_LANGUAGE_STANDARD = gnu99;
				GCC_NO_COMMON_BLOCKS = YES;
				GCC_WARN_64_TO_32_BIT_CONVERSION = YES;
				GCC_WARN_ABOUT_RETURN_TYPE = YES_ERROR;
				GCC_WARN_UNDECLARED_SELECTOR = YES;
				GCC_WARN_UNINITIALIZED_AUTOS = YES_AGGRESSIVE;
				GCC_WARN_UNUSED_FUNCTION = YES;
				GCC_WARN_UNUSED_VARIABLE = YES;
				IPHONEOS_DEPLOYMENT_TARGET = 10.2;
				MTL_ENABLE_DEBUG_INFO = NO;
				SDKROOT = iphoneos;
				SWIFT_OPTIMIZATION_LEVEL = "-Owholemodule";
				TARGETED_DEVICE_FAMILY = "1,2";
				VALIDATE_PRODUCT = YES;
			};
			name = Release;
		};
		9CD120631E5F2B2E0042096B /* Debug */ = {
			isa = XCBuildConfiguration;
			buildSettings = {
				ASSETCATALOG_COMPILER_APPICON_NAME = AppIcon;
				DEVELOPMENT_TEAM = 5U294U2N56;
				INFOPLIST_FILE = SwiftUIPageViewController/Info.plist;
				LD_RUNPATH_SEARCH_PATHS = "$(inherited) @executable_path/Frameworks";
				PRODUCT_BUNDLE_IDENTIFIER = MAS.SwiftUIPageViewController;
				PRODUCT_NAME = "$(TARGET_NAME)";
				SWIFT_VERSION = 3.0;
			};
			name = Debug;
		};
		9CD120641E5F2B2E0042096B /* Release */ = {
			isa = XCBuildConfiguration;
			buildSettings = {
				ASSETCATALOG_COMPILER_APPICON_NAME = AppIcon;
				DEVELOPMENT_TEAM = 5U294U2N56;
				INFOPLIST_FILE = SwiftUIPageViewController/Info.plist;
				LD_RUNPATH_SEARCH_PATHS = "$(inherited) @executable_path/Frameworks";
				PRODUCT_BUNDLE_IDENTIFIER = MAS.SwiftUIPageViewController;
				PRODUCT_NAME = "$(TARGET_NAME)";
				SWIFT_VERSION = 3.0;
			};
			name = Release;
		};
/* End XCBuildConfiguration section */

/* Begin XCConfigurationList section */
		9CD1204B1E5F2B2E0042096B /* Build configuration list for PBXProject "SwiftUIPageViewController" */ = {
			isa = XCConfigurationList;
			buildConfigurations = (
				9CD120601E5F2B2E0042096B /* Debug */,
				9CD120611E5F2B2E0042096B /* Release */,
			);
			defaultConfigurationIsVisible = 0;
			defaultConfigurationName = Release;
		};
		9CD120621E5F2B2E0042096B /* Build configuration list for PBXNativeTarget "SwiftUIPageViewController" */ = {
			isa = XCConfigurationList;
			buildConfigurations = (
				9CD120631E5F2B2E0042096B /* Debug */,
				9CD120641E5F2B2E0042096B /* Release */,
			);
			defaultConfigurationIsVisible = 0;
		};
/* End XCConfigurationList section */
	};
	rootObject = 9CD120481E5F2B2E0042096B /* Project object */;
}
